// !$*UTF8*$!
{
	archiveVersion = 1;
	classes = {
	};
	objectVersion = 50;
	objects = {

/* Begin PBXBuildFile section */
		08D0DBED6CA7D26BDC9EC556 /* Pods_NewsApp.framework in Frameworks */ = {isa = PBXBuildFile; fileRef = 4DEEEF25168DA957FAF87F49 /* Pods_NewsApp.framework */; };
		BA10C90322F7A5F600ED0A20 /* CheckInternet.swift in Sources */ = {isa = PBXBuildFile; fileRef = BA10C90222F7A5F600ED0A20 /* CheckInternet.swift */; };
		BA18317522F23948002E1153 /* AppDelegate.swift in Sources */ = {isa = PBXBuildFile; fileRef = BA18317422F23948002E1153 /* AppDelegate.swift */; };
		BA18317722F23948002E1153 /* NewsListViewController.swift in Sources */ = {isa = PBXBuildFile; fileRef = BA18317622F23948002E1153 /* NewsListViewController.swift */; };
		BA18317A22F23948002E1153 /* Main.storyboard in Resources */ = {isa = PBXBuildFile; fileRef = BA18317822F23948002E1153 /* Main.storyboard */; };
		BA18317D22F23948002E1153 /* NewsApp.xcdatamodeld in Sources */ = {isa = PBXBuildFile; fileRef = BA18317B22F23948002E1153 /* NewsApp.xcdatamodeld */; };
		BA18317F22F2396C002E1153 /* Assets.xcassets in Resources */ = {isa = PBXBuildFile; fileRef = BA18317E22F2396C002E1153 /* Assets.xcassets */; };
		BA18318222F2396C002E1153 /* LaunchScreen.storyboard in Resources */ = {isa = PBXBuildFile; fileRef = BA18318022F2396C002E1153 /* LaunchScreen.storyboard */; };
		BA38AE2722F4E5C900118976 /* FilterPopUpViewController.swift in Sources */ = {isa = PBXBuildFile; fileRef = BA38AE2622F4E5C900118976 /* FilterPopUpViewController.swift */; };
		BA38AE2A22F5193500118976 /* ArticleDetailsViewController.swift in Sources */ = {isa = PBXBuildFile; fileRef = BA38AE2922F5193500118976 /* ArticleDetailsViewController.swift */; };
		BA38AE2C22F5248E00118976 /* CustomColor.swift in Sources */ = {isa = PBXBuildFile; fileRef = BA38AE2B22F5248E00118976 /* CustomColor.swift */; };
		BA38AE2E22F524EC00118976 /* UIColor-Extention.swift in Sources */ = {isa = PBXBuildFile; fileRef = BA38AE2D22F524EC00118976 /* UIColor-Extention.swift */; };
		BA54DA7A22F34DA900644CA6 /* NetworkAccessClass.swift in Sources */ = {isa = PBXBuildFile; fileRef = BA54DA7922F34DA900644CA6 /* NetworkAccessClass.swift */; };
		BA54DA7C22F34DBE00644CA6 /* NetworkAccessProtocol.swift in Sources */ = {isa = PBXBuildFile; fileRef = BA54DA7B22F34DBE00644CA6 /* NetworkAccessProtocol.swift */; };
		BA54DA8322F35A9200644CA6 /* NewsTableViewCell.swift in Sources */ = {isa = PBXBuildFile; fileRef = BA54DA8122F35A9200644CA6 /* NewsTableViewCell.swift */; };
		BA54DA8422F35A9200644CA6 /* NewsTableViewCell.xib in Resources */ = {isa = PBXBuildFile; fileRef = BA54DA8222F35A9200644CA6 /* NewsTableViewCell.xib */; };
		BA54DA8622F367E400644CA6 /* NewsViewModel.swift in Sources */ = {isa = PBXBuildFile; fileRef = BA54DA8522F367E400644CA6 /* NewsViewModel.swift */; };
		BA54DA8822F379FF00644CA6 /* News.swift in Sources */ = {isa = PBXBuildFile; fileRef = BA54DA8722F379FF00644CA6 /* News.swift */; };
		BA54DA8A22F37A1700644CA6 /* Article.swift in Sources */ = {isa = PBXBuildFile; fileRef = BA54DA8922F37A1700644CA6 /* Article.swift */; };
		BA54DA8C22F37A3400644CA6 /* ArticleSource.swift in Sources */ = {isa = PBXBuildFile; fileRef = BA54DA8B22F37A3400644CA6 /* ArticleSource.swift */; };
		BA54DA8F22F37BD100644CA6 /* UIMethodsClass.swift in Sources */ = {isa = PBXBuildFile; fileRef = BA54DA8E22F37BD100644CA6 /* UIMethodsClass.swift */; };
		BA54DA9122F37EA400644CA6 /* Constants.swift in Sources */ = {isa = PBXBuildFile; fileRef = BA54DA9022F37EA400644CA6 /* Constants.swift */; };
		BA70AF6822F5FA0F004ACA91 /* DataAccess.swift in Sources */ = {isa = PBXBuildFile; fileRef = BA70AF6722F5FA0F004ACA91 /* DataAccess.swift */; };
		BA70AF6A22F5FB6F004ACA91 /* Country.swift in Sources */ = {isa = PBXBuildFile; fileRef = BA70AF6922F5FB6F004ACA91 /* Country.swift */; };
		BA70AF6C22F62398004ACA91 /* FilterViewModel.swift in Sources */ = {isa = PBXBuildFile; fileRef = BA70AF6B22F62398004ACA91 /* FilterViewModel.swift */; };
		BA70AF6E22F62796004ACA91 /* Sources.swift in Sources */ = {isa = PBXBuildFile; fileRef = BA70AF6D22F62796004ACA91 /* Sources.swift */; };
/* End PBXBuildFile section */

/* Begin PBXFileReference section */
		4DEEEF25168DA957FAF87F49 /* Pods_NewsApp.framework */ = {isa = PBXFileReference; explicitFileType = wrapper.framework; includeInIndex = 0; path = Pods_NewsApp.framework; sourceTree = BUILT_PRODUCTS_DIR; };
		AA4583698907ACA087FF38F8 /* Pods-NewsApp.debug.xcconfig */ = {isa = PBXFileReference; includeInIndex = 1; lastKnownFileType = text.xcconfig; name = "Pods-NewsApp.debug.xcconfig"; path = "Pods/Target Support Files/Pods-NewsApp/Pods-NewsApp.debug.xcconfig"; sourceTree = "<group>"; };
		BA10C90222F7A5F600ED0A20 /* CheckInternet.swift */ = {isa = PBXFileReference; lastKnownFileType = sourcecode.swift; path = CheckInternet.swift; sourceTree = "<group>"; };
		BA18317122F23948002E1153 /* NewsApp.app */ = {isa = PBXFileReference; explicitFileType = wrapper.application; includeInIndex = 0; path = NewsApp.app; sourceTree = BUILT_PRODUCTS_DIR; };
		BA18317422F23948002E1153 /* AppDelegate.swift */ = {isa = PBXFileReference; lastKnownFileType = sourcecode.swift; path = AppDelegate.swift; sourceTree = "<group>"; };
		BA18317622F23948002E1153 /* NewsListViewController.swift */ = {isa = PBXFileReference; lastKnownFileType = sourcecode.swift; path = NewsListViewController.swift; sourceTree = "<group>"; };
		BA18317922F23948002E1153 /* Base */ = {isa = PBXFileReference; lastKnownFileType = file.storyboard; name = Base; path = Base.lproj/Main.storyboard; sourceTree = "<group>"; };
		BA18317C22F23948002E1153 /* NewsApp.xcdatamodel */ = {isa = PBXFileReference; lastKnownFileType = wrapper.xcdatamodel; path = NewsApp.xcdatamodel; sourceTree = "<group>"; };
		BA18317E22F2396C002E1153 /* Assets.xcassets */ = {isa = PBXFileReference; lastKnownFileType = folder.assetcatalog; path = Assets.xcassets; sourceTree = "<group>"; };
		BA18318122F2396C002E1153 /* Base */ = {isa = PBXFileReference; lastKnownFileType = file.storyboard; name = Base; path = Base.lproj/LaunchScreen.storyboard; sourceTree = "<group>"; };
		BA18318322F2396C002E1153 /* Info.plist */ = {isa = PBXFileReference; lastKnownFileType = text.plist.xml; path = Info.plist; sourceTree = "<group>"; };
		BA38AE2622F4E5C900118976 /* FilterPopUpViewController.swift */ = {isa = PBXFileReference; lastKnownFileType = sourcecode.swift; path = FilterPopUpViewController.swift; sourceTree = "<group>"; };
		BA38AE2922F5193500118976 /* ArticleDetailsViewController.swift */ = {isa = PBXFileReference; lastKnownFileType = sourcecode.swift; path = ArticleDetailsViewController.swift; sourceTree = "<group>"; };
		BA38AE2B22F5248E00118976 /* CustomColor.swift */ = {isa = PBXFileReference; lastKnownFileType = sourcecode.swift; path = CustomColor.swift; sourceTree = "<group>"; };
		BA38AE2D22F524EC00118976 /* UIColor-Extention.swift */ = {isa = PBXFileReference; lastKnownFileType = sourcecode.swift; path = "UIColor-Extention.swift"; sourceTree = "<group>"; };
		BA54DA7922F34DA900644CA6 /* NetworkAccessClass.swift */ = {isa = PBXFileReference; lastKnownFileType = sourcecode.swift; path = NetworkAccessClass.swift; sourceTree = "<group>"; };
		BA54DA7B22F34DBE00644CA6 /* NetworkAccessProtocol.swift */ = {isa = PBXFileReference; lastKnownFileType = sourcecode.swift; path = NetworkAccessProtocol.swift; sourceTree = "<group>"; };
		BA54DA8122F35A9200644CA6 /* NewsTableViewCell.swift */ = {isa = PBXFileReference; lastKnownFileType = sourcecode.swift; path = NewsTableViewCell.swift; sourceTree = "<group>"; };
		BA54DA8222F35A9200644CA6 /* NewsTableViewCell.xib */ = {isa = PBXFileReference; lastKnownFileType = file.xib; path = NewsTableViewCell.xib; sourceTree = "<group>"; };
		BA54DA8522F367E400644CA6 /* NewsViewModel.swift */ = {isa = PBXFileReference; lastKnownFileType = sourcecode.swift; path = NewsViewModel.swift; sourceTree = "<group>"; };
		BA54DA8722F379FF00644CA6 /* News.swift */ = {isa = PBXFileReference; lastKnownFileType = sourcecode.swift; path = News.swift; sourceTree = "<group>"; };
		BA54DA8922F37A1700644CA6 /* Article.swift */ = {isa = PBXFileReference; lastKnownFileType = sourcecode.swift; path = Article.swift; sourceTree = "<group>"; };
		BA54DA8B22F37A3400644CA6 /* ArticleSource.swift */ = {isa = PBXFileReference; lastKnownFileType = sourcecode.swift; path = ArticleSource.swift; sourceTree = "<group>"; };
		BA54DA8E22F37BD100644CA6 /* UIMethodsClass.swift */ = {isa = PBXFileReference; lastKnownFileType = sourcecode.swift; path = UIMethodsClass.swift; sourceTree = "<group>"; };
		BA54DA9022F37EA400644CA6 /* Constants.swift */ = {isa = PBXFileReference; lastKnownFileType = sourcecode.swift; path = Constants.swift; sourceTree = "<group>"; };
		BA70AF6722F5FA0F004ACA91 /* DataAccess.swift */ = {isa = PBXFileReference; lastKnownFileType = sourcecode.swift; path = DataAccess.swift; sourceTree = "<group>"; };
		BA70AF6922F5FB6F004ACA91 /* Country.swift */ = {isa = PBXFileReference; lastKnownFileType = sourcecode.swift; path = Country.swift; sourceTree = "<group>"; };
		BA70AF6B22F62398004ACA91 /* FilterViewModel.swift */ = {isa = PBXFileReference; lastKnownFileType = sourcecode.swift; path = FilterViewModel.swift; sourceTree = "<group>"; };
		BA70AF6D22F62796004ACA91 /* Sources.swift */ = {isa = PBXFileReference; lastKnownFileType = sourcecode.swift; path = Sources.swift; sourceTree = "<group>"; };
		E2B8CA989D28F7744C366E43 /* Pods-NewsApp.release.xcconfig */ = {isa = PBXFileReference; includeInIndex = 1; lastKnownFileType = text.xcconfig; name = "Pods-NewsApp.release.xcconfig"; path = "Pods/Target Support Files/Pods-NewsApp/Pods-NewsApp.release.xcconfig"; sourceTree = "<group>"; };
/* End PBXFileReference section */

/* Begin PBXFrameworksBuildPhase section */
		BA18316E22F23948002E1153 /* Frameworks */ = {
			isa = PBXFrameworksBuildPhase;
			buildActionMask = 2147483647;
			files = (
				08D0DBED6CA7D26BDC9EC556 /* Pods_NewsApp.framework in Frameworks */,
			);
			runOnlyForDeploymentPostprocessing = 0;
		};
/* End PBXFrameworksBuildPhase section */

/* Begin PBXGroup section */
		52BC1636421D13C455AE9A8C /* Pods */ = {
			isa = PBXGroup;
			children = (
				AA4583698907ACA087FF38F8 /* Pods-NewsApp.debug.xcconfig */,
				E2B8CA989D28F7744C366E43 /* Pods-NewsApp.release.xcconfig */,
			);
			name = Pods;
			sourceTree = "<group>";
		};
		BA18316822F23947002E1153 = {
			isa = PBXGroup;
			children = (
				BA18317322F23948002E1153 /* NewsApp */,
				BA18317222F23948002E1153 /* Products */,
				52BC1636421D13C455AE9A8C /* Pods */,
				D4B3AD7089A936185A90BFEB /* Frameworks */,
			);
			sourceTree = "<group>";
		};
		BA18317222F23948002E1153 /* Products */ = {
			isa = PBXGroup;
			children = (
				BA18317122F23948002E1153 /* NewsApp.app */,
			);
			name = Products;
			sourceTree = "<group>";
		};
		BA18317322F23948002E1153 /* NewsApp */ = {
			isa = PBXGroup;
			children = (
				BA54DA7522F34C9200644CA6 /* Model */,
				BA54DA7722F34CCA00644CA6 /* Services */,
				BA54DA7622F34CB900644CA6 /* Screens */,
				BA54DA8D22F37BA300644CA6 /* Utils */,
				BA18317422F23948002E1153 /* AppDelegate.swift */,
				BA18317E22F2396C002E1153 /* Assets.xcassets */,
				BA18318022F2396C002E1153 /* LaunchScreen.storyboard */,
				BA18318322F2396C002E1153 /* Info.plist */,
				BA18317B22F23948002E1153 /* NewsApp.xcdatamodeld */,
			);
			path = NewsApp;
			sourceTree = "<group>";
		};
		BA38AE2522F4D2FD00118976 /* FilterPopUp */ = {
			isa = PBXGroup;
			children = (
				BA38AE2622F4E5C900118976 /* FilterPopUpViewController.swift */,
				BA70AF6B22F62398004ACA91 /* FilterViewModel.swift */,
			);
			path = FilterPopUp;
			sourceTree = "<group>";
		};
		BA38AE2822F518D100118976 /* ArticleDetails */ = {
			isa = PBXGroup;
			children = (
				BA38AE2922F5193500118976 /* ArticleDetailsViewController.swift */,
			);
			path = ArticleDetails;
			sourceTree = "<group>";
		};
		BA54DA7522F34C9200644CA6 /* Model */ = {
			isa = PBXGroup;
			children = (
				BA54DA8722F379FF00644CA6 /* News.swift */,
				BA54DA8922F37A1700644CA6 /* Article.swift */,
				BA54DA8B22F37A3400644CA6 /* ArticleSource.swift */,
				BA70AF6922F5FB6F004ACA91 /* Country.swift */,
				BA70AF6D22F62796004ACA91 /* Sources.swift */,
			);
			path = Model;
			sourceTree = "<group>";
		};
		BA54DA7622F34CB900644CA6 /* Screens */ = {
			isa = PBXGroup;
			children = (
				BA18317822F23948002E1153 /* Main.storyboard */,
				BA54DA7D22F34E3700644CA6 /* NewsList */,
				BA38AE2522F4D2FD00118976 /* FilterPopUp */,
				BA38AE2822F518D100118976 /* ArticleDetails */,
			);
			path = Screens;
			sourceTree = "<group>";
		};
		BA54DA7722F34CCA00644CA6 /* Services */ = {
			isa = PBXGroup;
			children = (
				BA70AF6622F5F9E6004ACA91 /* DataAccess */,
				BA54DA7822F34D1500644CA6 /* Networking */,
			);
			path = Services;
			sourceTree = "<group>";
		};
		BA54DA7822F34D1500644CA6 /* Networking */ = {
			isa = PBXGroup;
			children = (
				BA54DA7922F34DA900644CA6 /* NetworkAccessClass.swift */,
				BA54DA7B22F34DBE00644CA6 /* NetworkAccessProtocol.swift */,
				BA10C90222F7A5F600ED0A20 /* CheckInternet.swift */,
			);
			path = Networking;
			sourceTree = "<group>";
		};
		BA54DA7D22F34E3700644CA6 /* NewsList */ = {
			isa = PBXGroup;
			children = (
				BA54DA7E22F3588A00644CA6 /* NewsCustomCell */,
				BA18317622F23948002E1153 /* NewsListViewController.swift */,
				BA54DA8522F367E400644CA6 /* NewsViewModel.swift */,
			);
			path = NewsList;
			sourceTree = "<group>";
		};
		BA54DA7E22F3588A00644CA6 /* NewsCustomCell */ = {
			isa = PBXGroup;
			children = (
				BA54DA8122F35A9200644CA6 /* NewsTableViewCell.swift */,
				BA54DA8222F35A9200644CA6 /* NewsTableViewCell.xib */,
			);
			path = NewsCustomCell;
			sourceTree = "<group>";
		};
		BA54DA8D22F37BA300644CA6 /* Utils */ = {
			isa = PBXGroup;
			children = (
				BA54DA8E22F37BD100644CA6 /* UIMethodsClass.swift */,
				BA54DA9022F37EA400644CA6 /* Constants.swift */,
				BA38AE2B22F5248E00118976 /* CustomColor.swift */,
				BA38AE2D22F524EC00118976 /* UIColor-Extention.swift */,
			);
			path = Utils;
			sourceTree = "<group>";
		};
		BA70AF6622F5F9E6004ACA91 /* DataAccess */ = {
			isa = PBXGroup;
			children = (
				BA70AF6722F5FA0F004ACA91 /* DataAccess.swift */,
			);
			path = DataAccess;
			sourceTree = "<group>";
		};
		D4B3AD7089A936185A90BFEB /* Frameworks */ = {
			isa = PBXGroup;
			children = (
				4DEEEF25168DA957FAF87F49 /* Pods_NewsApp.framework */,
			);
			name = Frameworks;
			sourceTree = "<group>";
		};
/* End PBXGroup section */

/* Begin PBXNativeTarget section */
		BA18317022F23948002E1153 /* NewsApp */ = {
			isa = PBXNativeTarget;
			buildConfigurationList = BA18318622F2396D002E1153 /* Build configuration list for PBXNativeTarget "NewsApp" */;
			buildPhases = (
				B9D49676DA188F0D759B3F75 /* [CP] Check Pods Manifest.lock */,
				BA18316D22F23948002E1153 /* Sources */,
				BA18316E22F23948002E1153 /* Frameworks */,
				BA18316F22F23948002E1153 /* Resources */,
				99A9792F162E5619A4146886 /* [CP] Embed Pods Frameworks */,
			);
			buildRules = (
			);
			dependencies = (
			);
			name = NewsApp;
			productName = NewsApp;
			productReference = BA18317122F23948002E1153 /* NewsApp.app */;
			productType = "com.apple.product-type.application";
		};
/* End PBXNativeTarget section */

/* Begin PBXProject section */
		BA18316922F23948002E1153 /* Project object */ = {
			isa = PBXProject;
			attributes = {
				LastSwiftUpdateCheck = 0930;
				LastUpgradeCheck = 0930;
				ORGANIZATIONNAME = Ember;
				TargetAttributes = {
					BA18317022F23948002E1153 = {
						CreatedOnToolsVersion = 9.3;
					};
				};
			};
			buildConfigurationList = BA18316C22F23948002E1153 /* Build configuration list for PBXProject "NewsApp" */;
			compatibilityVersion = "Xcode 9.3";
			developmentRegion = en;
			hasScannedForEncodings = 0;
			knownRegions = (
				en,
				Base,
			);
			mainGroup = BA18316822F23947002E1153;
			productRefGroup = BA18317222F23948002E1153 /* Products */;
			projectDirPath = "";
			projectRoot = "";
			targets = (
				BA18317022F23948002E1153 /* NewsApp */,
			);
		};
/* End PBXProject section */

/* Begin PBXResourcesBuildPhase section */
		BA18316F22F23948002E1153 /* Resources */ = {
			isa = PBXResourcesBuildPhase;
			buildActionMask = 2147483647;
			files = (
				BA18318222F2396C002E1153 /* LaunchScreen.storyboard in Resources */,
				BA18317F22F2396C002E1153 /* Assets.xcassets in Resources */,
				BA54DA8422F35A9200644CA6 /* NewsTableViewCell.xib in Resources */,
				BA18317A22F23948002E1153 /* Main.storyboard in Resources */,
			);
			runOnlyForDeploymentPostprocessing = 0;
		};
/* End PBXResourcesBuildPhase section */

/* Begin PBXShellScriptBuildPhase section */
		99A9792F162E5619A4146886 /* [CP] Embed Pods Frameworks */ = {
			isa = PBXShellScriptBuildPhase;
			buildActionMask = 2147483647;
			files = (
			);
			inputPaths = (
				"${SRCROOT}/Pods/Target Support Files/Pods-NewsApp/Pods-NewsApp-frameworks.sh",
				"${BUILT_PRODUCTS_DIR}/Alamofire/Alamofire.framework",
				"${BUILT_PRODUCTS_DIR}/DLRadioButton/DLRadioButton.framework",
				"${BUILT_PRODUCTS_DIR}/MDFInternationalization/MDFInternationalization.framework",
				"${BUILT_PRODUCTS_DIR}/MDFTextAccessibility/MDFTextAccessibility.framework",
				"${BUILT_PRODUCTS_DIR}/MaterialComponents/MaterialComponents.framework",
				"${BUILT_PRODUCTS_DIR}/MotionAnimator/MotionAnimator.framework",
				"${BUILT_PRODUCTS_DIR}/MotionInterchange/MotionInterchange.framework",
				"${BUILT_PRODUCTS_DIR}/MotionTransitioning/MotionTransitioning.framework",
				"${BUILT_PRODUCTS_DIR}/RxAlamofire/RxAlamofire.framework",
				"${BUILT_PRODUCTS_DIR}/RxCocoa/RxCocoa.framework",
				"${BUILT_PRODUCTS_DIR}/RxSwift/RxSwift.framework",
				"${BUILT_PRODUCTS_DIR}/SDWebImage/SDWebImage.framework",
			);
			name = "[CP] Embed Pods Frameworks";
			outputPaths = (
				"${TARGET_BUILD_DIR}/${FRAMEWORKS_FOLDER_PATH}/Alamofire.framework",
				"${TARGET_BUILD_DIR}/${FRAMEWORKS_FOLDER_PATH}/DLRadioButton.framework",
				"${TARGET_BUILD_DIR}/${FRAMEWORKS_FOLDER_PATH}/MDFInternationalization.framework",
				"${TARGET_BUILD_DIR}/${FRAMEWORKS_FOLDER_PATH}/MDFTextAccessibility.framework",
				"${TARGET_BUILD_DIR}/${FRAMEWORKS_FOLDER_PATH}/MaterialComponents.framework",
				"${TARGET_BUILD_DIR}/${FRAMEWORKS_FOLDER_PATH}/MotionAnimator.framework",
				"${TARGET_BUILD_DIR}/${FRAMEWORKS_FOLDER_PATH}/MotionInterchange.framework",
				"${TARGET_BUILD_DIR}/${FRAMEWORKS_FOLDER_PATH}/MotionTransitioning.framework",
				"${TARGET_BUILD_DIR}/${FRAMEWORKS_FOLDER_PATH}/RxAlamofire.framework",
				"${TARGET_BUILD_DIR}/${FRAMEWORKS_FOLDER_PATH}/RxCocoa.framework",
				"${TARGET_BUILD_DIR}/${FRAMEWORKS_FOLDER_PATH}/RxSwift.framework",
				"${TARGET_BUILD_DIR}/${FRAMEWORKS_FOLDER_PATH}/SDWebImage.framework",
			);
			runOnlyForDeploymentPostprocessing = 0;
			shellPath = /bin/sh;
			shellScript = "\"${SRCROOT}/Pods/Target Support Files/Pods-NewsApp/Pods-NewsApp-frameworks.sh\"\n";
			showEnvVarsInLog = 0;
		};
		B9D49676DA188F0D759B3F75 /* [CP] Check Pods Manifest.lock */ = {
			isa = PBXShellScriptBuildPhase;
			buildActionMask = 2147483647;
			files = (
			);
			inputPaths = (
				"${PODS_PODFILE_DIR_PATH}/Podfile.lock",
				"${PODS_ROOT}/Manifest.lock",
			);
			name = "[CP] Check Pods Manifest.lock";
			outputPaths = (
				"$(DERIVED_FILE_DIR)/Pods-NewsApp-checkManifestLockResult.txt",
			);
			runOnlyForDeploymentPostprocessing = 0;
			shellPath = /bin/sh;
			shellScript = "diff \"${PODS_PODFILE_DIR_PATH}/Podfile.lock\" \"${PODS_ROOT}/Manifest.lock\" > /dev/null\nif [ $? != 0 ] ; then\n    # print error to STDERR\n    echo \"error: The sandbox is not in sync with the Podfile.lock. Run 'pod install' or update your CocoaPods installation.\" >&2\n    exit 1\nfi\n# This output is used by Xcode 'outputs' to avoid re-running this script phase.\necho \"SUCCESS\" > \"${SCRIPT_OUTPUT_FILE_0}\"\n";
			showEnvVarsInLog = 0;
		};
/* End PBXShellScriptBuildPhase section */

/* Begin PBXSourcesBuildPhase section */
		BA18316D22F23948002E1153 /* Sources */ = {
			isa = PBXSourcesBuildPhase;
			buildActionMask = 2147483647;
			files = (
				BA18317722F23948002E1153 /* NewsListViewController.swift in Sources */,
				BA38AE2722F4E5C900118976 /* FilterPopUpViewController.swift in Sources */,
				BA54DA7A22F34DA900644CA6 /* NetworkAccessClass.swift in Sources */,
				BA54DA8A22F37A1700644CA6 /* Article.swift in Sources */,
				BA54DA8822F379FF00644CA6 /* News.swift in Sources */,
				BA70AF6822F5FA0F004ACA91 /* DataAccess.swift in Sources */,
				BA70AF6C22F62398004ACA91 /* FilterViewModel.swift in Sources */,
				BA10C90322F7A5F600ED0A20 /* CheckInternet.swift in Sources */,
				BA54DA8F22F37BD100644CA6 /* UIMethodsClass.swift in Sources */,
				BA54DA8322F35A9200644CA6 /* NewsTableViewCell.swift in Sources */,
				BA54DA7C22F34DBE00644CA6 /* NetworkAccessProtocol.swift in Sources */,
				BA38AE2C22F5248E00118976 /* CustomColor.swift in Sources */,
				BA70AF6A22F5FB6F004ACA91 /* Country.swift in Sources */,
				BA54DA8622F367E400644CA6 /* NewsViewModel.swift in Sources */,
				BA38AE2E22F524EC00118976 /* UIColor-Extention.swift in Sources */,
				BA18317522F23948002E1153 /* AppDelegate.swift in Sources */,
				BA38AE2A22F5193500118976 /* ArticleDetailsViewController.swift in Sources */,
				BA70AF6E22F62796004ACA91 /* Sources.swift in Sources */,
				BA54DA8C22F37A3400644CA6 /* ArticleSource.swift in Sources */,
				BA18317D22F23948002E1153 /* NewsApp.xcdatamodeld in Sources */,
				BA54DA9122F37EA400644CA6 /* Constants.swift in Sources */,
			);
			runOnlyForDeploymentPostprocessing = 0;
		};
/* End PBXSourcesBuildPhase section */

/* Begin PBXVariantGroup section */
		BA18317822F23948002E1153 /* Main.storyboard */ = {
			isa = PBXVariantGroup;
			children = (
				BA18317922F23948002E1153 /* Base */,
			);
			name = Main.storyboard;
			sourceTree = "<group>";
		};
		BA18318022F2396C002E1153 /* LaunchScreen.storyboard */ = {
			isa = PBXVariantGroup;
			children = (
				BA18318122F2396C002E1153 /* Base */,
			);
			name = LaunchScreen.storyboard;
			sourceTree = "<group>";
		};
/* End PBXVariantGroup section */

/* Begin XCBuildConfiguration section */
		BA18318422F2396C002E1153 /* Debug */ = {
			isa = XCBuildConfiguration;
			buildSettings = {
				ALWAYS_SEARCH_USER_PATHS = NO;
				CLANG_ANALYZER_NONNULL = YES;
				CLANG_ANALYZER_NUMBER_OBJECT_CONVERSION = YES_AGGRESSIVE;
				CLANG_CXX_LANGUAGE_STANDARD = "gnu++14";
				CLANG_CXX_LIBRARY = "libc++";
				CLANG_ENABLE_MODULES = YES;
				CLANG_ENABLE_OBJC_ARC = YES;
				CLANG_ENABLE_OBJC_WEAK = YES;
				CLANG_WARN_BLOCK_CAPTURE_AUTORELEASING = YES;
				CLANG_WARN_BOOL_CONVERSION = YES;
				CLANG_WARN_COMMA = YES;
				CLANG_WARN_CONSTANT_CONVERSION = YES;
				CLANG_WARN_DEPRECATED_OBJC_IMPLEMENTATIONS = YES;
				CLANG_WARN_DIRECT_OBJC_ISA_USAGE = YES_ERROR;
				CLANG_WARN_DOCUMENTATION_COMMENTS = YES;
				CLANG_WARN_EMPTY_BODY = YES;
				CLANG_WARN_ENUM_CONVERSION = YES;
				CLANG_WARN_INFINITE_RECURSION = YES;
				CLANG_WARN_INT_CONVERSION = YES;
				CLANG_WARN_NON_LITERAL_NULL_CONVERSION = YES;
				CLANG_WARN_OBJC_IMPLICIT_RETAIN_SELF = YES;
				CLANG_WARN_OBJC_LITERAL_CONVERSION = YES;
				CLANG_WARN_OBJC_ROOT_CLASS = YES_ERROR;
				CLANG_WARN_RANGE_LOOP_ANALYSIS = YES;
				CLANG_WARN_STRICT_PROTOTYPES = YES;
				CLANG_WARN_SUSPICIOUS_MOVE = YES;
				CLANG_WARN_UNGUARDED_AVAILABILITY = YES_AGGRESSIVE;
				CLANG_WARN_UNREACHABLE_CODE = YES;
				CLANG_WARN__DUPLICATE_METHOD_MATCH = YES;
				CODE_SIGN_IDENTITY = "iPhone Developer";
				COPY_PHASE_STRIP = NO;
				DEBUG_INFORMATION_FORMAT = dwarf;
				ENABLE_STRICT_OBJC_MSGSEND = YES;
				ENABLE_TESTABILITY = YES;
				GCC_C_LANGUAGE_STANDARD = gnu11;
				GCC_DYNAMIC_NO_PIC = NO;
				GCC_NO_COMMON_BLOCKS = YES;
				GCC_OPTIMIZATION_LEVEL = 0;
				GCC_PREPROCESSOR_DEFINITIONS = (
					"DEBUG=1",
					"$(inherited)",
				);
				GCC_WARN_64_TO_32_BIT_CONVERSION = YES;
				GCC_WARN_ABOUT_RETURN_TYPE = YES_ERROR;
				GCC_WARN_UNDECLARED_SELECTOR = YES;
				GCC_WARN_UNINITIALIZED_AUTOS = YES_AGGRESSIVE;
				GCC_WARN_UNUSED_FUNCTION = YES;
				GCC_WARN_UNUSED_VARIABLE = YES;
				IPHONEOS_DEPLOYMENT_TARGET = 11.3;
				MTL_ENABLE_DEBUG_INFO = YES;
				ONLY_ACTIVE_ARCH = YES;
				SDKROOT = iphoneos;
				SWIFT_ACTIVE_COMPILATION_CONDITIONS = DEBUG;
				SWIFT_OPTIMIZATION_LEVEL = "-Onone";
			};
			name = Debug;
		};
		BA18318522F2396C002E1153 /* Release */ = {
			isa = XCBuildConfiguration;
			buildSettings = {
				ALWAYS_SEARCH_USER_PATHS = NO;
				CLANG_ANALYZER_NONNULL = YES;
				CLANG_ANALYZER_NUMBER_OBJECT_CONVERSION = YES_AGGRESSIVE;
				CLANG_CXX_LANGUAGE_STANDARD = "gnu++14";
				CLANG_CXX_LIBRARY = "libc++";
				CLANG_ENABLE_MODULES = YES;
				CLANG_ENABLE_OBJC_ARC = YES;
				CLANG_ENABLE_OBJC_WEAK = YES;
				CLANG_WARN_BLOCK_CAPTURE_AUTORELEASING = YES;
				CLANG_WARN_BOOL_CONVERSION = YES;
				CLANG_WARN_COMMA = YES;
				CLANG_WARN_CONSTANT_CONVERSION = YES;
				CLANG_WARN_DEPRECATED_OBJC_IMPLEMENTATIONS = YES;
				CLANG_WARN_DIRECT_OBJC_ISA_USAGE = YES_ERROR;
				CLANG_WARN_DOCUMENTATION_COMMENTS = YES;
				CLANG_WARN_EMPTY_BODY = YES;
				CLANG_WARN_ENUM_CONVERSION = YES;
				CLANG_WARN_INFINITE_RECURSION = YES;
				CLANG_WARN_INT_CONVERSION = YES;
				CLANG_WARN_NON_LITERAL_NULL_CONVERSION = YES;
				CLANG_WARN_OBJC_IMPLICIT_RETAIN_SELF = YES;
				CLANG_WARN_OBJC_LITERAL_CONVERSION = YES;
				CLANG_WARN_OBJC_ROOT_CLASS = YES_ERROR;
				CLANG_WARN_RANGE_LOOP_ANALYSIS = YES;
				CLANG_WARN_STRICT_PROTOTYPES = YES;
				CLANG_WARN_SUSPICIOUS_MOVE = YES;
				CLANG_WARN_UNGUARDED_AVAILABILITY = YES_AGGRESSIVE;
				CLANG_WARN_UNREACHABLE_CODE = YES;
				CLANG_WARN__DUPLICATE_METHOD_MATCH = YES;
				CODE_SIGN_IDENTITY = "iPhone Developer";
				COPY_PHASE_STRIP = NO;
				DEBUG_INFORMATION_FORMAT = "dwarf-with-dsym";
				ENABLE_NS_ASSERTIONS = NO;
				ENABLE_STRICT_OBJC_MSGSEND = YES;
				GCC_C_LANGUAGE_STANDARD = gnu11;
				GCC_NO_COMMON_BLOCKS = YES;
				GCC_WARN_64_TO_32_BIT_CONVERSION = YES;
				GCC_WARN_ABOUT_RETURN_TYPE = YES_ERROR;
				GCC_WARN_UNDECLARED_SELECTOR = YES;
				GCC_WARN_UNINITIALIZED_AUTOS = YES_AGGRESSIVE;
				GCC_WARN_UNUSED_FUNCTION = YES;
				GCC_WARN_UNUSED_VARIABLE = YES;
				IPHONEOS_DEPLOYMENT_TARGET = 11.3;
				MTL_ENABLE_DEBUG_INFO = NO;
				SDKROOT = iphoneos;
				SWIFT_COMPILATION_MODE = wholemodule;
				SWIFT_OPTIMIZATION_LEVEL = "-O";
				VALIDATE_PRODUCT = YES;
			};
			name = Release;
		};
		BA18318722F2396D002E1153 /* Debug */ = {
			isa = XCBuildConfiguration;
			baseConfigurationReference = AA4583698907ACA087FF38F8 /* Pods-NewsApp.debug.xcconfig */;
			buildSettings = {
				ASSETCATALOG_COMPILER_APPICON_NAME = AppIcon;
				CODE_SIGN_STYLE = Automatic;
				INFOPLIST_FILE = NewsApp/Info.plist;
				LD_RUNPATH_SEARCH_PATHS = (
					"$(inherited)",
					"@executable_path/Frameworks",
				);
				PRODUCT_BUNDLE_IDENTIFIER = com.ember.NewsApp;
				PRODUCT_NAME = "$(TARGET_NAME)";
				SWIFT_VERSION = 4.0;
				TARGETED_DEVICE_FAMILY = "1,2";
			};
			name = Debug;
		};
		BA18318822F2396D002E1153 /* Release */ = {
			isa = XCBuildConfiguration;
			baseConfigurationReference = E2B8CA989D28F7744C366E43 /* Pods-NewsApp.release.xcconfig */;
			buildSettings = {
				ASSETCATALOG_COMPILER_APPICON_NAME = AppIcon;
				CODE_SIGN_STYLE = Automatic;
				INFOPLIST_FILE = NewsApp/Info.plist;
				LD_RUNPATH_SEARCH_PATHS = (
					"$(inherited)",
					"@executable_path/Frameworks",
				);
				PRODUCT_BUNDLE_IDENTIFIER = com.ember.NewsApp;
				PRODUCT_NAME = "$(TARGET_NAME)";
				SWIFT_VERSION = 4.0;
				TARGETED_DEVICE_FAMILY = "1,2";
			};
			name = Release;
		};
/* End XCBuildConfiguration section */

/* Begin XCConfigurationList section */
		BA18316C22F23948002E1153 /* Build configuration list for PBXProject "NewsApp" */ = {
			isa = XCConfigurationList;
			buildConfigurations = (
				BA18318422F2396C002E1153 /* Debug */,
				BA18318522F2396C002E1153 /* Release */,
			);
			defaultConfigurationIsVisible = 0;
			defaultConfigurationName = Release;
		};
		BA18318622F2396D002E1153 /* Build configuration list for PBXNativeTarget "NewsApp" */ = {
			isa = XCConfigurationList;
			buildConfigurations = (
				BA18318722F2396D002E1153 /* Debug */,
				BA18318822F2396D002E1153 /* Release */,
			);
			defaultConfigurationIsVisible = 0;
			defaultConfigurationName = Release;
		};
/* End XCConfigurationList section */

/* Begin XCVersionGroup section */
		BA18317B22F23948002E1153 /* NewsApp.xcdatamodeld */ = {
			isa = XCVersionGroup;
			children = (
				BA18317C22F23948002E1153 /* NewsApp.xcdatamodel */,
			);
			currentVersion = BA18317C22F23948002E1153 /* NewsApp.xcdatamodel */;
			path = NewsApp.xcdatamodeld;
			sourceTree = "<group>";
			versionGroupType = wrapper.xcdatamodel;
		};
/* End XCVersionGroup section */
	};
	rootObject = BA18316922F23948002E1153 /* Project object */;
}
